
Microsoft Visual Studio Solution File, Format Version 12.00
# Visual Studio 15
VisualStudioVersion = 15.0.27130.2024
MinimumVisualStudioVersion = 10.0.40219.1
Project("{E24C65DC-7377-472B-9ABA-BC803B73C61A}") = "sil", ".", "{1AD9562D-6025-40EB-81B4-36BAE7044848}"
	ProjectSection(WebsiteProperties) = preProject
		TargetFrameworkMoniker = ".NETFramework,Version%3Dv4.5"
		Debug.AspNetCompiler.VirtualPath = "/localhost_61956"
		Debug.AspNetCompiler.PhysicalPath = "..\sil\"
		Debug.AspNetCompiler.TargetPath = "PrecompiledWeb\localhost_61956\"
		Debug.AspNetCompiler.Updateable = "true"
		Debug.AspNetCompiler.ForceOverwrite = "true"
		Debug.AspNetCompiler.FixedNames = "false"
		Debug.AspNetCompiler.Debug = "True"
		Release.AspNetCompiler.VirtualPath = "/localhost_61956"
		Release.AspNetCompiler.PhysicalPath = "..\sil\"
		Release.AspNetCompiler.TargetPath = "PrecompiledWeb\localhost_61956\"
		Release.AspNetCompiler.Updateable = "true"
		Release.AspNetCompiler.ForceOverwrite = "true"
		Release.AspNetCompiler.FixedNames = "false"
		Release.AspNetCompiler.Debug = "False"
		VWDPort = "61956"
		SlnRelativePath = "..\sil\"
	EndProjectSection
EndProject
Project("{FAE04EC0-301F-11D3-BF4B-00C04F79EFBC}") = "LBAcceso", "LBAcceso\LBAcceso.csproj", "{26227452-BEDB-495E-A440-535BE3666850}"
EndProject
Project("{FAE04EC0-301F-11D3-BF4B-00C04F79EFBC}") = "WcfService1", "WcfService1\WcfService1.csproj", "{3AEC9965-6AB0-4506-B97A-5ABE09663F18}"
EndProject
Global
	GlobalSection(SolutionConfigurationPlatforms) = preSolution
		Debug|Any CPU = Debug|Any CPU
		Release|Any CPU = Release|Any CPU
	EndGlobalSection
	GlobalSection(ProjectConfigurationPlatforms) = postSolution
		{1AD9562D-6025-40EB-81B4-36BAE7044848}.Debug|Any CPU.ActiveCfg = Debug|Any CPU
		{1AD9562D-6025-40EB-81B4-36BAE7044848}.Debug|Any CPU.Build.0 = Debug|Any CPU
		{1AD9562D-6025-40EB-81B4-36BAE7044848}.Release|Any CPU.ActiveCfg = Debug|Any CPU
		{1AD9562D-6025-40EB-81B4-36BAE7044848}.Release|Any CPU.Build.0 = Debug|Any CPU
		{26227452-BEDB-495E-A440-535BE3666850}.Debug|Any CPU.ActiveCfg = Debug|Any CPU
		{26227452-BEDB-495E-A440-535BE3666850}.Debug|Any CPU.Build.0 = Debug|Any CPU
		{26227452-BEDB-495E-A440-535BE3666850}.Release|Any CPU.ActiveCfg = Release|Any CPU
		{26227452-BEDB-495E-A440-535BE3666850}.Release|Any CPU.Build.0 = Release|Any CPU
		{3AEC9965-6AB0-4506-B97A-5ABE09663F18}.Debug|Any CPU.ActiveCfg = Debug|Any CPU
		{3AEC9965-6AB0-4506-B97A-5ABE09663F18}.Debug|Any CPU.Build.0 = Debug|Any CPU
		{3AEC9965-6AB0-4506-B97A-5ABE09663F18}.Release|Any CPU.ActiveCfg = Release|Any CPU
		{3AEC9965-6AB0-4506-B97A-5ABE09663F18}.Release|Any CPU.Build.0 = Release|Any CPU
	EndGlobalSection
	GlobalSection(SolutionProperties) = preSolution
		HideSolutionNode = FALSE
	EndGlobalSection
	GlobalSection(ExtensibilityGlobals) = postSolution
		SolutionGuid = {5F1035DF-2B30-4673-9AE4-F55DD5571CD7}
	EndGlobalSection
EndGlobal
